
Microsoft Visual Studio Solution File, Format Version 12.00
# Visual Studio 2012
Project("{888888A0-9F3D-457C-B088-3A5042F75D52}") = "iapply.console_utils", "iapply.console_utils.pyproj", "{51920DA7-8429-4375-981D-3842DD231113}"
EndProject
Global
	GlobalSection(SolutionConfigurationPlatforms) = preSolution
		Debug|Any CPU = Debug|Any CPU
		Release|Any CPU = Release|Any CPU
	EndGlobalSection
	GlobalSection(ProjectConfigurationPlatforms) = postSolution
		{51920DA7-8429-4375-981D-3842DD231113}.Debug|Any CPU.ActiveCfg = Debug|Any CPU
		{51920DA7-8429-4375-981D-3842DD231113}.Debug|Any CPU.Build.0 = Debug|Any CPU
		{51920DA7-8429-4375-981D-3842DD231113}.Release|Any CPU.ActiveCfg = Release|Any CPU
		{51920DA7-8429-4375-981D-3842DD231113}.Release|Any CPU.Build.0 = Release|Any CPU
	EndGlobalSection
	GlobalSection(SolutionProperties) = preSolution
		HideSolutionNode = FALSE
	EndGlobalSection
EndGlobal
